// !$*UTF8*$!
{
	archiveVersion = 1;
	classes = {
	};
	objectVersion = 50;
	objects = {

/* Begin PBXBuildFile section */
		26ED2F9E234BCB1500DF991D /* AppDelegate.m in Sources */ = {isa = PBXBuildFile; fileRef = 26ED2F9D234BCB1500DF991D /* AppDelegate.m */; };
		26ED2FA1234BCB1500DF991D /* SceneDelegate.m in Sources */ = {isa = PBXBuildFile; fileRef = 26ED2FA0234BCB1500DF991D /* SceneDelegate.m */; };
		26ED2FA7234BCB1500DF991D /* Main.storyboard in Resources */ = {isa = PBXBuildFile; fileRef = 26ED2FA5234BCB1500DF991D /* Main.storyboard */; };
		26ED2FA9234BCB1800DF991D /* Assets.xcassets in Resources */ = {isa = PBXBuildFile; fileRef = 26ED2FA8234BCB1800DF991D /* Assets.xcassets */; };
		26ED2FAC234BCB1800DF991D /* LaunchScreen.storyboard in Resources */ = {isa = PBXBuildFile; fileRef = 26ED2FAA234BCB1800DF991D /* LaunchScreen.storyboard */; };
		26ED2FAF234BCB1800DF991D /* main.m in Sources */ = {isa = PBXBuildFile; fileRef = 26ED2FAE234BCB1800DF991D /* main.m */; };
		26ED2FBC234BE83B00DF991D /* MVDEntry.m in Sources */ = {isa = PBXBuildFile; fileRef = 26ED2FBB234BE83B00DF991D /* MVDEntry.m */; };
		26ED2FBF234BEAAF00DF991D /* MVDEntryController.m in Sources */ = {isa = PBXBuildFile; fileRef = 26ED2FBE234BEAAF00DF991D /* MVDEntryController.m */; };
		26ED2FC2234BFB4800DF991D /* MVDEntryTableViewController.m in Sources */ = {isa = PBXBuildFile; fileRef = 26ED2FC1234BFB4800DF991D /* MVDEntryTableViewController.m */; };
		26ED2FC5234BFBC700DF991D /* MVDEntryDetailViewController.m in Sources */ = {isa = PBXBuildFile; fileRef = 26ED2FC4234BFBC700DF991D /* MVDEntryDetailViewController.m */; };
/* End PBXBuildFile section */

/* Begin PBXFileReference section */
		26ED2F99234BCB1500DF991D /* JournalOBJ-C.app */ = {isa = PBXFileReference; explicitFileType = wrapper.application; includeInIndex = 0; path = "JournalOBJ-C.app"; sourceTree = BUILT_PRODUCTS_DIR; };
		26ED2F9C234BCB1500DF991D /* AppDelegate.h */ = {isa = PBXFileReference; lastKnownFileType = sourcecode.c.h; path = AppDelegate.h; sourceTree = "<group>"; };
		26ED2F9D234BCB1500DF991D /* AppDelegate.m */ = {isa = PBXFileReference; lastKnownFileType = sourcecode.c.objc; path = AppDelegate.m; sourceTree = "<group>"; };
		26ED2F9F234BCB1500DF991D /* SceneDelegate.h */ = {isa = PBXFileReference; lastKnownFileType = sourcecode.c.h; path = SceneDelegate.h; sourceTree = "<group>"; };
		26ED2FA0234BCB1500DF991D /* SceneDelegate.m */ = {isa = PBXFileReference; lastKnownFileType = sourcecode.c.objc; path = SceneDelegate.m; sourceTree = "<group>"; };
		26ED2FA6234BCB1500DF991D /* Base */ = {isa = PBXFileReference; lastKnownFileType = file.storyboard; name = Base; path = Base.lproj/Main.storyboard; sourceTree = "<group>"; };
		26ED2FA8234BCB1800DF991D /* Assets.xcassets */ = {isa = PBXFileReference; lastKnownFileType = folder.assetcatalog; path = Assets.xcassets; sourceTree = "<group>"; };
		26ED2FAB234BCB1800DF991D /* Base */ = {isa = PBXFileReference; lastKnownFileType = file.storyboard; name = Base; path = Base.lproj/LaunchScreen.storyboard; sourceTree = "<group>"; };
		26ED2FAD234BCB1800DF991D /* Info.plist */ = {isa = PBXFileReference; lastKnownFileType = text.plist.xml; path = Info.plist; sourceTree = "<group>"; };
		26ED2FAE234BCB1800DF991D /* main.m */ = {isa = PBXFileReference; lastKnownFileType = sourcecode.c.objc; path = main.m; sourceTree = "<group>"; };
		26ED2FBA234BE83B00DF991D /* MVDEntry.h */ = {isa = PBXFileReference; lastKnownFileType = sourcecode.c.h; path = MVDEntry.h; sourceTree = "<group>"; };
		26ED2FBB234BE83B00DF991D /* MVDEntry.m */ = {isa = PBXFileReference; lastKnownFileType = sourcecode.c.objc; path = MVDEntry.m; sourceTree = "<group>"; };
		26ED2FBD234BEAAF00DF991D /* MVDEntryController.h */ = {isa = PBXFileReference; lastKnownFileType = sourcecode.c.h; path = MVDEntryController.h; sourceTree = "<group>"; };
		26ED2FBE234BEAAF00DF991D /* MVDEntryController.m */ = {isa = PBXFileReference; lastKnownFileType = sourcecode.c.objc; path = MVDEntryController.m; sourceTree = "<group>"; };
		26ED2FC0234BFB4800DF991D /* MVDEntryTableViewController.h */ = {isa = PBXFileReference; lastKnownFileType = sourcecode.c.h; path = MVDEntryTableViewController.h; sourceTree = "<group>"; };
		26ED2FC1234BFB4800DF991D /* MVDEntryTableViewController.m */ = {isa = PBXFileReference; lastKnownFileType = sourcecode.c.objc; path = MVDEntryTableViewController.m; sourceTree = "<group>"; };
		26ED2FC3234BFBC700DF991D /* MVDEntryDetailViewController.h */ = {isa = PBXFileReference; lastKnownFileType = sourcecode.c.h; path = MVDEntryDetailViewController.h; sourceTree = "<group>"; };
		26ED2FC4234BFBC700DF991D /* MVDEntryDetailViewController.m */ = {isa = PBXFileReference; lastKnownFileType = sourcecode.c.objc; path = MVDEntryDetailViewController.m; sourceTree = "<group>"; };
/* End PBXFileReference section */

/* Begin PBXFrameworksBuildPhase section */
		26ED2F96234BCB1500DF991D /* Frameworks */ = {
			isa = PBXFrameworksBuildPhase;
			buildActionMask = 2147483647;
			files = (
			);
			runOnlyForDeploymentPostprocessing = 0;
		};
/* End PBXFrameworksBuildPhase section */

/* Begin PBXGroup section */
		26ED2F90234BCB1500DF991D = {
			isa = PBXGroup;
			children = (
				26ED2F9B234BCB1500DF991D /* JournalOBJ-C */,
				26ED2F9A234BCB1500DF991D /* Products */,
			);
			sourceTree = "<group>";
		};
		26ED2F9A234BCB1500DF991D /* Products */ = {
			isa = PBXGroup;
			children = (
				26ED2F99234BCB1500DF991D /* JournalOBJ-C.app */,
			);
			name = Products;
			sourceTree = "<group>";
		};
		26ED2F9B234BCB1500DF991D /* JournalOBJ-C */ = {
			isa = PBXGroup;
			children = (
				26ED2FB7234BE7C900DF991D /* Controller */,
				26ED2FB6234BE7C100DF991D /* Model */,
				26ED2FB5234BCBB400DF991D /* Supporting Doc */,
				26ED2FA5234BCB1500DF991D /* Main.storyboard */,
			);
			path = "JournalOBJ-C";
			sourceTree = "<group>";
		};
		26ED2FB5234BCBB400DF991D /* Supporting Doc */ = {
			isa = PBXGroup;
			children = (
				26ED2F9C234BCB1500DF991D /* AppDelegate.h */,
				26ED2F9D234BCB1500DF991D /* AppDelegate.m */,
				26ED2F9F234BCB1500DF991D /* SceneDelegate.h */,
				26ED2FA0234BCB1500DF991D /* SceneDelegate.m */,
				26ED2FA8234BCB1800DF991D /* Assets.xcassets */,
				26ED2FAA234BCB1800DF991D /* LaunchScreen.storyboard */,
				26ED2FAD234BCB1800DF991D /* Info.plist */,
				26ED2FAE234BCB1800DF991D /* main.m */,
			);
			path = "Supporting Doc";
			sourceTree = "<group>";
		};
		26ED2FB6234BE7C100DF991D /* Model */ = {
			isa = PBXGroup;
			children = (
				26ED2FBA234BE83B00DF991D /* MVDEntry.h */,
				26ED2FBB234BE83B00DF991D /* MVDEntry.m */,
			);
			path = Model;
			sourceTree = "<group>";
		};
		26ED2FB7234BE7C900DF991D /* Controller */ = {
			isa = PBXGroup;
			children = (
				26ED2FB9234BE7DF00DF991D /* model */,
				26ED2FB8234BE7D500DF991D /* view */,
			);
			path = Controller;
			sourceTree = "<group>";
		};
		26ED2FB8234BE7D500DF991D /* view */ = {
			isa = PBXGroup;
			children = (
				26ED2FC0234BFB4800DF991D /* MVDEntryTableViewController.h */,
				26ED2FC1234BFB4800DF991D /* MVDEntryTableViewController.m */,
				26ED2FC3234BFBC700DF991D /* MVDEntryDetailViewController.h */,
				26ED2FC4234BFBC700DF991D /* MVDEntryDetailViewController.m */,
			);
			path = view;
			sourceTree = "<group>";
		};
		26ED2FB9234BE7DF00DF991D /* model */ = {
			isa = PBXGroup;
			children = (
				26ED2FBD234BEAAF00DF991D /* MVDEntryController.h */,
				26ED2FBE234BEAAF00DF991D /* MVDEntryController.m */,
			);
			path = model;
			sourceTree = "<group>";
		};
/* End PBXGroup section */

/* Begin PBXNativeTarget section */
		26ED2F98234BCB1500DF991D /* JournalOBJ-C */ = {
			isa = PBXNativeTarget;
			buildConfigurationList = 26ED2FB2234BCB1800DF991D /* Build configuration list for PBXNativeTarget "JournalOBJ-C" */;
			buildPhases = (
				26ED2F95234BCB1500DF991D /* Sources */,
				26ED2F96234BCB1500DF991D /* Frameworks */,
				26ED2F97234BCB1500DF991D /* Resources */,
			);
			buildRules = (
			);
			dependencies = (
			);
			name = "JournalOBJ-C";
			productName = "JournalOBJ-C";
			productReference = 26ED2F99234BCB1500DF991D /* JournalOBJ-C.app */;
			productType = "com.apple.product-type.application";
		};
/* End PBXNativeTarget section */

/* Begin PBXProject section */
		26ED2F91234BCB1500DF991D /* Project object */ = {
			isa = PBXProject;
			attributes = {
				CLASSPREFIX = MVD;
				LastUpgradeCheck = 1100;
				ORGANIZATIONNAME = "Michael Di Cesare";
				TargetAttributes = {
					26ED2F98234BCB1500DF991D = {
						CreatedOnToolsVersion = 11.0;
					};
				};
			};
			buildConfigurationList = 26ED2F94234BCB1500DF991D /* Build configuration list for PBXProject "JournalOBJ-C" */;
			compatibilityVersion = "Xcode 9.3";
			developmentRegion = en;
			hasScannedForEncodings = 0;
			knownRegions = (
				en,
				Base,
			);
			mainGroup = 26ED2F90234BCB1500DF991D;
			productRefGroup = 26ED2F9A234BCB1500DF991D /* Products */;
			projectDirPath = "";
			projectRoot = "";
			targets = (
				26ED2F98234BCB1500DF991D /* JournalOBJ-C */,
			);
		};
/* End PBXProject section */

/* Begin PBXResourcesBuildPhase section */
		26ED2F97234BCB1500DF991D /* Resources */ = {
			isa = PBXResourcesBuildPhase;
			buildActionMask = 2147483647;
			files = (
				26ED2FAC234BCB1800DF991D /* LaunchScreen.storyboard in Resources */,
				26ED2FA9234BCB1800DF991D /* Assets.xcassets in Resources */,
				26ED2FA7234BCB1500DF991D /* Main.storyboard in Resources */,
			);
			runOnlyForDeploymentPostprocessing = 0;
		};
/* End PBXResourcesBuildPhase section */

/* Begin PBXSourcesBuildPhase section */
		26ED2F95234BCB1500DF991D /* Sources */ = {
			isa = PBXSourcesBuildPhase;
			buildActionMask = 2147483647;
			files = (
				26ED2F9E234BCB1500DF991D /* AppDelegate.m in Sources */,
				26ED2FAF234BCB1800DF991D /* main.m in Sources */,
				26ED2FC2234BFB4800DF991D /* MVDEntryTableViewController.m in Sources */,
				26ED2FBC234BE83B00DF991D /* MVDEntry.m in Sources */,
				26ED2FC5234BFBC700DF991D /* MVDEntryDetailViewController.m in Sources */,
				26ED2FBF234BEAAF00DF991D /* MVDEntryController.m in Sources */,
				26ED2FA1234BCB1500DF991D /* SceneDelegate.m in Sources */,
			);
			runOnlyForDeploymentPostprocessing = 0;
		};
/* End PBXSourcesBuildPhase section */

/* Begin PBXVariantGroup section */
		26ED2FA5234BCB1500DF991D /* Main.storyboard */ = {
			isa = PBXVariantGroup;
			children = (
				26ED2FA6234BCB1500DF991D /* Base */,
			);
			name = Main.storyboard;
			sourceTree = "<group>";
		};
		26ED2FAA234BCB1800DF991D /* LaunchScreen.storyboard */ = {
			isa = PBXVariantGroup;
			children = (
				26ED2FAB234BCB1800DF991D /* Base */,
			);
			name = LaunchScreen.storyboard;
			sourceTree = "<group>";
		};
/* End PBXVariantGroup section */

/* Begin XCBuildConfiguration section */
		26ED2FB0234BCB1800DF991D /* Debug */ = {
			isa = XCBuildConfiguration;
			buildSettings = {
				ALWAYS_SEARCH_USER_PATHS = NO;
				CLANG_ANALYZER_NONNULL = YES;
				CLANG_ANALYZER_NUMBER_OBJECT_CONVERSION = YES_AGGRESSIVE;
				CLANG_CXX_LANGUAGE_STANDARD = "gnu++14";
				CLANG_CXX_LIBRARY = "libc++";
				CLANG_ENABLE_MODULES = YES;
				CLANG_ENABLE_OBJC_ARC = YES;
				CLANG_ENABLE_OBJC_WEAK = YES;
				CLANG_WARN_BLOCK_CAPTURE_AUTORELEASING = YES;
				CLANG_WARN_BOOL_CONVERSION = YES;
				CLANG_WARN_COMMA = YES;
				CLANG_WARN_CONSTANT_CONVERSION = YES;
				CLANG_WARN_DEPRECATED_OBJC_IMPLEMENTATIONS = YES;
				CLANG_WARN_DIRECT_OBJC_ISA_USAGE = YES_ERROR;
				CLANG_WARN_DOCUMENTATION_COMMENTS = YES;
				CLANG_WARN_EMPTY_BODY = YES;
				CLANG_WARN_ENUM_CONVERSION = YES;
				CLANG_WARN_INFINITE_RECURSION = YES;
				CLANG_WARN_INT_CONVERSION = YES;
				CLANG_WARN_NON_LITERAL_NULL_CONVERSION = YES;
				CLANG_WARN_OBJC_IMPLICIT_RETAIN_SELF = YES;
				CLANG_WARN_OBJC_LITERAL_CONVERSION = YES;
				CLANG_WARN_OBJC_ROOT_CLASS = YES_ERROR;
				CLANG_WARN_RANGE_LOOP_ANALYSIS = YES;
				CLANG_WARN_STRICT_PROTOTYPES = YES;
				CLANG_WARN_SUSPICIOUS_MOVE = YES;
				CLANG_WARN_UNGUARDED_AVAILABILITY = YES_AGGRESSIVE;
				CLANG_WARN_UNREACHABLE_CODE = YES;
				CLANG_WARN__DUPLICATE_METHOD_MATCH = YES;
				COPY_PHASE_STRIP = NO;
				DEBUG_INFORMATION_FORMAT = dwarf;
				ENABLE_STRICT_OBJC_MSGSEND = YES;
				ENABLE_TESTABILITY = YES;
				GCC_C_LANGUAGE_STANDARD = gnu11;
				GCC_DYNAMIC_NO_PIC = NO;
				GCC_NO_COMMON_BLOCKS = YES;
				GCC_OPTIMIZATION_LEVEL = 0;
				GCC_PREPROCESSOR_DEFINITIONS = (
					"DEBUG=1",
					"$(inherited)",
				);
				GCC_WARN_64_TO_32_BIT_CONVERSION = YES;
				GCC_WARN_ABOUT_RETURN_TYPE = YES_ERROR;
				GCC_WARN_UNDECLARED_SELECTOR = YES;
				GCC_WARN_UNINITIALIZED_AUTOS = YES_AGGRESSIVE;
				GCC_WARN_UNUSED_FUNCTION = YES;
				GCC_WARN_UNUSED_VARIABLE = YES;
				IPHONEOS_DEPLOYMENT_TARGET = 13.0;
				MTL_ENABLE_DEBUG_INFO = INCLUDE_SOURCE;
				MTL_FAST_MATH = YES;
				ONLY_ACTIVE_ARCH = YES;
				SDKROOT = iphoneos;
			};
			name = Debug;
		};
		26ED2FB1234BCB1800DF991D /* Release */ = {
			isa = XCBuildConfiguration;
			buildSettings = {
				ALWAYS_SEARCH_USER_PATHS = NO;
				CLANG_ANALYZER_NONNULL = YES;
				CLANG_ANALYZER_NUMBER_OBJECT_CONVERSION = YES_AGGRESSIVE;
				CLANG_CXX_LANGUAGE_STANDARD = "gnu++14";
				CLANG_CXX_LIBRARY = "libc++";
				CLANG_ENABLE_MODULES = YES;
				CLANG_ENABLE_OBJC_ARC = YES;
				CLANG_ENABLE_OBJC_WEAK = YES;
				CLANG_WARN_BLOCK_CAPTURE_AUTORELEASING = YES;
				CLANG_WARN_BOOL_CONVERSION = YES;
				CLANG_WARN_COMMA = YES;
				CLANG_WARN_CONSTANT_CONVERSION = YES;
				CLANG_WARN_DEPRECATED_OBJC_IMPLEMENTATIONS = YES;
				CLANG_WARN_DIRECT_OBJC_ISA_USAGE = YES_ERROR;
				CLANG_WARN_DOCUMENTATION_COMMENTS = YES;
				CLANG_WARN_EMPTY_BODY = YES;
				CLANG_WARN_ENUM_CONVERSION = YES;
				CLANG_WARN_INFINITE_RECURSION = YES;
				CLANG_WARN_INT_CONVERSION = YES;
				CLANG_WARN_NON_LITERAL_NULL_CONVERSION = YES;
				CLANG_WARN_OBJC_IMPLICIT_RETAIN_SELF = YES;
				CLANG_WARN_OBJC_LITERAL_CONVERSION = YES;
				CLANG_WARN_OBJC_ROOT_CLASS = YES_ERROR;
				CLANG_WARN_RANGE_LOOP_ANALYSIS = YES;
				CLANG_WARN_STRICT_PROTOTYPES = YES;
				CLANG_WARN_SUSPICIOUS_MOVE = YES;
				CLANG_WARN_UNGUARDED_AVAILABILITY = YES_AGGRESSIVE;
				CLANG_WARN_UNREACHABLE_CODE = YES;
				CLANG_WARN__DUPLICATE_METHOD_MATCH = YES;
				COPY_PHASE_STRIP = NO;
				DEBUG_INFORMATION_FORMAT = "dwarf-with-dsym";
				ENABLE_NS_ASSERTIONS = NO;
				ENABLE_STRICT_OBJC_MSGSEND = YES;
				GCC_C_LANGUAGE_STANDARD = gnu11;
				GCC_NO_COMMON_BLOCKS = YES;
				GCC_WARN_64_TO_32_BIT_CONVERSION = YES;
				GCC_WARN_ABOUT_RETURN_TYPE = YES_ERROR;
				GCC_WARN_UNDECLARED_SELECTOR = YES;
				GCC_WARN_UNINITIALIZED_AUTOS = YES_AGGRESSIVE;
				GCC_WARN_UNUSED_FUNCTION = YES;
				GCC_WARN_UNUSED_VARIABLE = YES;
				IPHONEOS_DEPLOYMENT_TARGET = 13.0;
				MTL_ENABLE_DEBUG_INFO = NO;
				MTL_FAST_MATH = YES;
				SDKROOT = iphoneos;
				VALIDATE_PRODUCT = YES;
			};
			name = Release;
		};
		26ED2FB3234BCB1800DF991D /* Debug */ = {
			isa = XCBuildConfiguration;
			buildSettings = {
				ASSETCATALOG_COMPILER_APPICON_NAME = AppIcon;
				CODE_SIGN_STYLE = Automatic;
				DEVELOPMENT_TEAM = B35K2XL3AM;
				INFOPLIST_FILE = "$(SRCROOT)/JournalOBJ-C/Supporting Doc/Info.plist";
				LD_RUNPATH_SEARCH_PATHS = (
					"$(inherited)",
					"@executable_path/Frameworks",
				);
				PRODUCT_BUNDLE_IDENTIFIER = "com.MichaelDicesare.JournalOBJ-C";
				PRODUCT_NAME = "$(TARGET_NAME)";
				TARGETED_DEVICE_FAMILY = "1,2";
			};
			name = Debug;
		};
		26ED2FB4234BCB1800DF991D /* Release */ = {
			isa = XCBuildConfiguration;
			buildSettings = {
				ASSETCATALOG_COMPILER_APPICON_NAME = AppIcon;
				CODE_SIGN_STYLE = Automatic;
				DEVELOPMENT_TEAM = B35K2XL3AM;
				INFOPLIST_FILE = "$(SRCROOT)/JournalOBJ-C/Supporting Doc/Info.plist";
				LD_RUNPATH_SEARCH_PATHS = (
					"$(inherited)",
					"@executable_path/Frameworks",
				);
				PRODUCT_BUNDLE_IDENTIFIER = "com.MichaelDicesare.JournalOBJ-C";
				PRODUCT_NAME = "$(TARGET_NAME)";
				TARGETED_DEVICE_FAMILY = "1,2";
			};
			name = Release;
		};
/* End XCBuildConfiguration section */

/* Begin XCConfigurationList section */
		26ED2F94234BCB1500DF991D /* Build configuration list for PBXProject "JournalOBJ-C" */ = {
			isa = XCConfigurationList;
			buildConfigurations = (
				26ED2FB0234BCB1800DF991D /* Debug */,
				26ED2FB1234BCB1800DF991D /* Release */,
			);
			defaultConfigurationIsVisible = 0;
			defaultConfigurationName = Release;
		};
		26ED2FB2234BCB1800DF991D /* Build configuration list for PBXNativeTarget "JournalOBJ-C" */ = {
			isa = XCConfigurationList;
			buildConfigurations = (
				26ED2FB3234BCB1800DF991D /* Debug */,
				26ED2FB4234BCB1800DF991D /* Release */,
			);
			defaultConfigurationIsVisible = 0;
			defaultConfigurationName = Release;
		};
/* End XCConfigurationList section */
	};
	rootObject = 26ED2F91234BCB1500DF991D /* Project object */;
}
